<?xml version="1.0" encoding="utf-8"?>
<Project ToolsVersion="4.0" xmlns="http://schemas.microsoft.com/developer/msbuild/2003">
  <ItemGroup>
    <Filter Include="Window">
      <UniqueIdentifier>{6d16d309-18ed-45d2-a9ff-2d6890e5868a}</UniqueIdentifier>
    </Filter>
    <Filter Include="Renderer">
      <UniqueIdentifier>{4592c9e9-90fe-4311-a3ed-0682f305059b}</UniqueIdentifier>
    </Filter>
    <Filter Include="Export">
      <UniqueIdentifier>{f903ce47-c481-42c4-a92d-3f2029906d0d}</UniqueIdentifier>
    </Filter>
    <Filter Include="GameBase">
      <UniqueIdentifier>{6b9e0c10-be68-4f2a-a932-362a6640949c}</UniqueIdentifier>
    </Filter>
    <Filter Include="Shader">
      <UniqueIdentifier>{bcc350e7-0796-44c0-8600-705cc93fc2c5}</UniqueIdentifier>
    </Filter>
    <Filter Include="Shape">
      <UniqueIdentifier>{74721481-43c8-4c66-be5f-ee3d9cf63837}</UniqueIdentifier>
    </Filter>
    <Filter Include="Entity">
      <UniqueIdentifier>{4639e722-e1e3-47c5-af93-3120611eaa08}</UniqueIdentifier>
    </Filter>
    <Filter Include="Entity2D">
      <UniqueIdentifier>{9c50b949-40e4-4865-af7d-f3b3eebb5c70}</UniqueIdentifier>
    </Filter>
    <Filter Include="Shape2D">
      <UniqueIdentifier>{54254b23-86a9-4aff-b6d6-34914214f45a}</UniqueIdentifier>
    </Filter>
  </ItemGroup>
  <ItemGroup>
    <ClCompile Include="src\Window\Window.cpp">
      <Filter>Window</Filter>
    </ClCompile>
    <ClCompile Include="src\Renderer\Renderer.cpp">
      <Filter>Renderer</Filter>
    </ClCompile>
    <ClCompile Include="src\GameBase\GameBase.cpp">
      <Filter>GameBase</Filter>
    </ClCompile>
    <ClCompile Include="src\Shader\Shader.cpp">
      <Filter>Shader</Filter>
    </ClCompile>
    <ClCompile Include="src\Shape\Shape.cpp">
      <Filter>Shape</Filter>
    </ClCompile>
    <ClCompile Include="src\Entity\Entity.cpp">
      <Filter>Entity</Filter>
    </ClCompile>
    <ClCompile Include="src\Entity2D\Entity2D.cpp">
      <Filter>Entity2D</Filter>
    </ClCompile>
    <ClCompile Include="src\Shape2D\Shape2D.cpp">
      <Filter>Shape2D</Filter>
    </ClCompile>
  </ItemGroup>
  <ItemGroup>
    <ClInclude Include="src\Window\Window.h">
      <Filter>Window</Filter>
    </ClInclude>
    <ClInclude Include="src\Renderer\Renderer.h">
      <Filter>Renderer</Filter>
    </ClInclude>
    <ClInclude Include="src\GameBase\GameBase.h">
      <Filter>GameBase</Filter>
    </ClInclude>
    <ClInclude Include="src\Export\Export.h">
      <Filter>Export</Filter>
    </ClInclude>
    <ClInclude Include="src\Shader\Shader.h">
      <Filter>Shader</Filter>
    </ClInclude>
    <ClInclude Include="src\Shape\Shape.h">
      <Filter>Shape</Filter>
    </ClInclude>
    <ClInclude Include="src\Entity\Entity.h">
      <Filter>Entity</Filter>
    </ClInclude>
    <ClInclude Include="src\Entity2D\Entity2D.h">
      <Filter>Entity2D</Filter>
    </ClInclude>
    <ClInclude Include="src\Shape2D\Shape2D.h">
      <Filter>Shape2D</Filter>
    </ClInclude>
  </ItemGroup>
  <ItemGroup>
    <None Include="Shaders\Vertex.shader">
      <Filter>Shader</Filter>
    </None>
    <None Include="shaders\Fragment.shader">
      <Filter>Shader</Filter>
    </None>
  </ItemGroup>
</Project>